
Microsoft Visual Studio Solution File, Format Version 12.00
# Visual Studio 15
VisualStudioVersion = 15.0.28307.168
MinimumVisualStudioVersion = 10.0.40219.1
Project("{FAE04EC0-301F-11D3-BF4B-00C04F79EFBC}") = "WPFAppRecog", "WPFAppRecog\WPFAppRecog.csproj", "{C63AB1D7-D779-4348-BB84-873EF746A7CF}"
EndProject
Global
	GlobalSection(SolutionConfigurationPlatforms) = preSolution
		Debug|Any CPU = Debug|Any CPU
		Debug|x86 = Debug|x86
		Release|Any CPU = Release|Any CPU
		Release|x86 = Release|x86
	EndGlobalSection
	GlobalSection(ProjectConfigurationPlatforms) = postSolution
		{C63AB1D7-D779-4348-BB84-873EF746A7CF}.Debug|Any CPU.ActiveCfg = Debug|Any CPU
		{C63AB1D7-D779-4348-BB84-873EF746A7CF}.Debug|Any CPU.Build.0 = Debug|Any CPU
		{C63AB1D7-D779-4348-BB84-873EF746A7CF}.Debug|x86.ActiveCfg = Debug|x86
		{C63AB1D7-D779-4348-BB84-873EF746A7CF}.Debug|x86.Build.0 = Debug|x86
		{C63AB1D7-D779-4348-BB84-873EF746A7CF}.Release|Any CPU.ActiveCfg = Release|Any CPU
		{C63AB1D7-D779-4348-BB84-873EF746A7CF}.Release|Any CPU.Build.0 = Release|Any CPU
		{C63AB1D7-D779-4348-BB84-873EF746A7CF}.Release|x86.ActiveCfg = Release|x86
		{C63AB1D7-D779-4348-BB84-873EF746A7CF}.Release|x86.Build.0 = Release|x86
	EndGlobalSection
	GlobalSection(SolutionProperties) = preSolution
		HideSolutionNode = FALSE
	EndGlobalSection
	GlobalSection(ExtensibilityGlobals) = postSolution
		SolutionGuid = {DF31183D-E360-478C-8071-598BBA85F4D2}
	EndGlobalSection
EndGlobal
